
Microsoft Visual Studio Solution File, Format Version 12.00
# Visual Studio Version 16
VisualStudioVersion = 16.0.30517.126
MinimumVisualStudioVersion = 10.0.40219.1
Project("{FAE04EC0-301F-11D3-BF4B-00C04F79EFBC}") = "PEImportMapping.API", "PEImportMapping.API\PEImportMapping.API.csproj", "{02EFC359-4395-4006-8419-78151D7888A0}"
EndProject
Project("{FAE04EC0-301F-11D3-BF4B-00C04F79EFBC}") = "PECore.API", "PECore.API\PECore.API.csproj", "{B1C53AE1-C325-429B-971C-B1087011A7B4}"
EndProject
Project("{FAE04EC0-301F-11D3-BF4B-00C04F79EFBC}") = "PEExportMapping.API", "PEExportMapping.API\PEExportMapping.API.csproj", "{AAA76E08-5F69-4D2C-8573-32B8582FE876}"
EndProject
Global
	GlobalSection(SolutionConfigurationPlatforms) = preSolution
		Debug|Any CPU = Debug|Any CPU
		Release|Any CPU = Release|Any CPU
	EndGlobalSection
	GlobalSection(ProjectConfigurationPlatforms) = postSolution
		{02EFC359-4395-4006-8419-78151D7888A0}.Debug|Any CPU.ActiveCfg = Debug|Any CPU
		{02EFC359-4395-4006-8419-78151D7888A0}.Debug|Any CPU.Build.0 = Debug|Any CPU
		{02EFC359-4395-4006-8419-78151D7888A0}.Release|Any CPU.ActiveCfg = Release|Any CPU
		{02EFC359-4395-4006-8419-78151D7888A0}.Release|Any CPU.Build.0 = Release|Any CPU
		{B1C53AE1-C325-429B-971C-B1087011A7B4}.Debug|Any CPU.ActiveCfg = Debug|Any CPU
		{B1C53AE1-C325-429B-971C-B1087011A7B4}.Debug|Any CPU.Build.0 = Debug|Any CPU
		{B1C53AE1-C325-429B-971C-B1087011A7B4}.Release|Any CPU.ActiveCfg = Release|Any CPU
		{B1C53AE1-C325-429B-971C-B1087011A7B4}.Release|Any CPU.Build.0 = Release|Any CPU
		{AAA76E08-5F69-4D2C-8573-32B8582FE876}.Debug|Any CPU.ActiveCfg = Debug|Any CPU
		{AAA76E08-5F69-4D2C-8573-32B8582FE876}.Debug|Any CPU.Build.0 = Debug|Any CPU
		{AAA76E08-5F69-4D2C-8573-32B8582FE876}.Release|Any CPU.ActiveCfg = Release|Any CPU
		{AAA76E08-5F69-4D2C-8573-32B8582FE876}.Release|Any CPU.Build.0 = Release|Any CPU
	EndGlobalSection
	GlobalSection(SolutionProperties) = preSolution
		HideSolutionNode = FALSE
	EndGlobalSection
	GlobalSection(ExtensibilityGlobals) = postSolution
		SolutionGuid = {BF86ED97-0A64-486D-A444-A628482CA8DC}
	EndGlobalSection
EndGlobal
